
Microsoft Visual Studio Solution File, Format Version 12.00
# Visual Studio Version 16
VisualStudioVersion = 16.0.29920.165
MinimumVisualStudioVersion = 10.0.40219.1
Project("{FAE04EC0-301F-11D3-BF4B-00C04F79EFBC}") = "Greedy", "Greedy\Greedy.csproj", "{00106FD1-F221-4E6E-9312-FD0BA7BE6B77}"
EndProject
Global
	GlobalSection(SolutionConfigurationPlatforms) = preSolution
		Debug|Any CPU = Debug|Any CPU
		Release|Any CPU = Release|Any CPU
	EndGlobalSection
	GlobalSection(ProjectConfigurationPlatforms) = postSolution
		{00106FD1-F221-4E6E-9312-FD0BA7BE6B77}.Debug|Any CPU.ActiveCfg = Debug|Any CPU
		{00106FD1-F221-4E6E-9312-FD0BA7BE6B77}.Debug|Any CPU.Build.0 = Debug|Any CPU
		{00106FD1-F221-4E6E-9312-FD0BA7BE6B77}.Release|Any CPU.ActiveCfg = Release|Any CPU
		{00106FD1-F221-4E6E-9312-FD0BA7BE6B77}.Release|Any CPU.Build.0 = Release|Any CPU
	EndGlobalSection
	GlobalSection(SolutionProperties) = preSolution
		HideSolutionNode = FALSE
	EndGlobalSection
	GlobalSection(ExtensibilityGlobals) = postSolution
		SolutionGuid = {960B0F9F-3713-45F6-8096-8E4D6D1CB224}
	EndGlobalSection
EndGlobal
